
Microsoft Visual Studio Solution File, Format Version 12.00
Project("{FAE04EC0-301F-11D3-BF4B-00C04F79EFBC}") = "Backend", "Backend\Backend.csproj", "{20801359-6B7D-4DBD-ABB9-88EC5A04FC6E}"
EndProject
Project("{FAE04EC0-301F-11D3-BF4B-00C04F79EFBC}") = "Backend.Tests", "Backend.Tests\Backend.Tests.csproj", "{B0E5689E-2779-4457-A522-64DE9F6B1FF6}"
EndProject
Global
	GlobalSection(SolutionConfigurationPlatforms) = preSolution
		Debug|Any CPU = Debug|Any CPU
		Release|Any CPU = Release|Any CPU
	EndGlobalSection
	GlobalSection(ProjectConfigurationPlatforms) = postSolution
		{20801359-6B7D-4DBD-ABB9-88EC5A04FC6E}.Debug|Any CPU.ActiveCfg = Debug|Any CPU
		{20801359-6B7D-4DBD-ABB9-88EC5A04FC6E}.Debug|Any CPU.Build.0 = Debug|Any CPU
		{20801359-6B7D-4DBD-ABB9-88EC5A04FC6E}.Release|Any CPU.ActiveCfg = Release|Any CPU
		{20801359-6B7D-4DBD-ABB9-88EC5A04FC6E}.Release|Any CPU.Build.0 = Release|Any CPU
		{B0E5689E-2779-4457-A522-64DE9F6B1FF6}.Debug|Any CPU.ActiveCfg = Debug|Any CPU
		{B0E5689E-2779-4457-A522-64DE9F6B1FF6}.Debug|Any CPU.Build.0 = Debug|Any CPU
		{B0E5689E-2779-4457-A522-64DE9F6B1FF6}.Release|Any CPU.ActiveCfg = Release|Any CPU
		{B0E5689E-2779-4457-A522-64DE9F6B1FF6}.Release|Any CPU.Build.0 = Release|Any CPU
	EndGlobalSection
EndGlobal
